
Microsoft Visual Studio Solution File, Format Version 12.00
# Visual Studio 15
VisualStudioVersion = 15.0.27428.2005
MinimumVisualStudioVersion = 10.0.40219.1
Project("{FAE04EC0-301F-11D3-BF4B-00C04F79EFBC}") = "DeckOfCards", "DeckOfCards\DeckOfCards.csproj", "{C692317F-CFC9-4B76-BE4F-62FD3AE4684F}"
EndProject
Project("{FAE04EC0-301F-11D3-BF4B-00C04F79EFBC}") = "TestDeckAndCards", "TestDeckAndCards\TestDeckAndCards.csproj", "{F44BCB46-72ED-4702-8EDE-4895B34E7CF1}"
EndProject
Global
	GlobalSection(SolutionConfigurationPlatforms) = preSolution
		Debug|Any CPU = Debug|Any CPU
		Release|Any CPU = Release|Any CPU
	EndGlobalSection
	GlobalSection(ProjectConfigurationPlatforms) = postSolution
		{C692317F-CFC9-4B76-BE4F-62FD3AE4684F}.Debug|Any CPU.ActiveCfg = Debug|Any CPU
		{C692317F-CFC9-4B76-BE4F-62FD3AE4684F}.Debug|Any CPU.Build.0 = Debug|Any CPU
		{C692317F-CFC9-4B76-BE4F-62FD3AE4684F}.Release|Any CPU.ActiveCfg = Release|Any CPU
		{C692317F-CFC9-4B76-BE4F-62FD3AE4684F}.Release|Any CPU.Build.0 = Release|Any CPU
		{F44BCB46-72ED-4702-8EDE-4895B34E7CF1}.Debug|Any CPU.ActiveCfg = Debug|Any CPU
		{F44BCB46-72ED-4702-8EDE-4895B34E7CF1}.Debug|Any CPU.Build.0 = Debug|Any CPU
		{F44BCB46-72ED-4702-8EDE-4895B34E7CF1}.Release|Any CPU.ActiveCfg = Release|Any CPU
		{F44BCB46-72ED-4702-8EDE-4895B34E7CF1}.Release|Any CPU.Build.0 = Release|Any CPU
	EndGlobalSection
	GlobalSection(SolutionProperties) = preSolution
		HideSolutionNode = FALSE
	EndGlobalSection
	GlobalSection(ExtensibilityGlobals) = postSolution
		SolutionGuid = {085B73D0-6E0C-4AB0-9D01-96D5070A9B63}
	EndGlobalSection
EndGlobal
